// !$*UTF8*$!
{
	archiveVersion = 1;
	classes = {
	};
	objectVersion = 50;
	objects = {

/* Begin PBXBuildFile section */
		CADB19E7225C34C20033DC46 /* AppDelegate.swift in Sources */ = {isa = PBXBuildFile; fileRef = CADB19E6225C34C20033DC46 /* AppDelegate.swift */; };
		CADB19E9225C34C20033DC46 /* ViewController.swift in Sources */ = {isa = PBXBuildFile; fileRef = CADB19E8225C34C20033DC46 /* ViewController.swift */; };
		CADB19EC225C34C20033DC46 /* Main.storyboard in Resources */ = {isa = PBXBuildFile; fileRef = CADB19EA225C34C20033DC46 /* Main.storyboard */; };
		CADB19EE225C34C30033DC46 /* Assets.xcassets in Resources */ = {isa = PBXBuildFile; fileRef = CADB19ED225C34C30033DC46 /* Assets.xcassets */; };
		CADB19F1225C34C30033DC46 /* LaunchScreen.storyboard in Resources */ = {isa = PBXBuildFile; fileRef = CADB19EF225C34C30033DC46 /* LaunchScreen.storyboard */; };
/* End PBXBuildFile section */

/* Begin PBXFileReference section */
		CADB19E3225C34C20033DC46 /* MinhasAnotacoesSegundaTentativa.app */ = {isa = PBXFileReference; explicitFileType = wrapper.application; includeInIndex = 0; path = MinhasAnotacoesSegundaTentativa.app; sourceTree = BUILT_PRODUCTS_DIR; };
		CADB19E6225C34C20033DC46 /* AppDelegate.swift */ = {isa = PBXFileReference; lastKnownFileType = sourcecode.swift; path = AppDelegate.swift; sourceTree = "<group>"; };
		CADB19E8225C34C20033DC46 /* ViewController.swift */ = {isa = PBXFileReference; lastKnownFileType = sourcecode.swift; path = ViewController.swift; sourceTree = "<group>"; };
		CADB19EB225C34C20033DC46 /* Base */ = {isa = PBXFileReference; lastKnownFileType = file.storyboard; name = Base; path = Base.lproj/Main.storyboard; sourceTree = "<group>"; };
		CADB19ED225C34C30033DC46 /* Assets.xcassets */ = {isa = PBXFileReference; lastKnownFileType = folder.assetcatalog; path = Assets.xcassets; sourceTree = "<group>"; };
		CADB19F0225C34C30033DC46 /* Base */ = {isa = PBXFileReference; lastKnownFileType = file.storyboard; name = Base; path = Base.lproj/LaunchScreen.storyboard; sourceTree = "<group>"; };
		CADB19F2225C34C30033DC46 /* Info.plist */ = {isa = PBXFileReference; lastKnownFileType = text.plist.xml; path = Info.plist; sourceTree = "<group>"; };
/* End PBXFileReference section */

/* Begin PBXFrameworksBuildPhase section */
		CADB19E0225C34C20033DC46 /* Frameworks */ = {
			isa = PBXFrameworksBuildPhase;
			buildActionMask = 2147483647;
			files = (
			);
			runOnlyForDeploymentPostprocessing = 0;
		};
/* End PBXFrameworksBuildPhase section */

/* Begin PBXGroup section */
		CADB19DA225C34C20033DC46 = {
			isa = PBXGroup;
			children = (
				CADB19E5225C34C20033DC46 /* MinhasAnotacoesSegundaTentativa */,
				CADB19E4225C34C20033DC46 /* Products */,
			);
			sourceTree = "<group>";
		};
		CADB19E4225C34C20033DC46 /* Products */ = {
			isa = PBXGroup;
			children = (
				CADB19E3225C34C20033DC46 /* MinhasAnotacoesSegundaTentativa.app */,
			);
			name = Products;
			sourceTree = "<group>";
		};
		CADB19E5225C34C20033DC46 /* MinhasAnotacoesSegundaTentativa */ = {
			isa = PBXGroup;
			children = (
				CADB19E6225C34C20033DC46 /* AppDelegate.swift */,
				CADB19E8225C34C20033DC46 /* ViewController.swift */,
				CADB19EA225C34C20033DC46 /* Main.storyboard */,
				CADB19ED225C34C30033DC46 /* Assets.xcassets */,
				CADB19EF225C34C30033DC46 /* LaunchScreen.storyboard */,
				CADB19F2225C34C30033DC46 /* Info.plist */,
			);
			path = MinhasAnotacoesSegundaTentativa;
			sourceTree = "<group>";
		};
/* End PBXGroup section */

/* Begin PBXNativeTarget section */
		CADB19E2225C34C20033DC46 /* MinhasAnotacoesSegundaTentativa */ = {
			isa = PBXNativeTarget;
			buildConfigurationList = CADB19F5225C34C30033DC46 /* Build configuration list for PBXNativeTarget "MinhasAnotacoesSegundaTentativa" */;
			buildPhases = (
				CADB19DF225C34C20033DC46 /* Sources */,
				CADB19E0225C34C20033DC46 /* Frameworks */,
				CADB19E1225C34C20033DC46 /* Resources */,
			);
			buildRules = (
			);
			dependencies = (
			);
			name = MinhasAnotacoesSegundaTentativa;
			productName = MinhasAnotacoesSegundaTentativa;
			productReference = CADB19E3225C34C20033DC46 /* MinhasAnotacoesSegundaTentativa.app */;
			productType = "com.apple.product-type.application";
		};
/* End PBXNativeTarget section */

/* Begin PBXProject section */
		CADB19DB225C34C20033DC46 /* Project object */ = {
			isa = PBXProject;
			attributes = {
				LastSwiftUpdateCheck = 1020;
				LastUpgradeCheck = 1020;
				ORGANIZATIONNAME = CursoiOS;
				TargetAttributes = {
					CADB19E2225C34C20033DC46 = {
						CreatedOnToolsVersion = 10.2;
					};
				};
			};
			buildConfigurationList = CADB19DE225C34C20033DC46 /* Build configuration list for PBXProject "MinhasAnotacoesSegundaTentativa" */;
			compatibilityVersion = "Xcode 9.3";
			developmentRegion = en;
			hasScannedForEncodings = 0;
			knownRegions = (
				en,
				Base,
			);
			mainGroup = CADB19DA225C34C20033DC46;
			productRefGroup = CADB19E4225C34C20033DC46 /* Products */;
			projectDirPath = "";
			projectRoot = "";
			targets = (
				CADB19E2225C34C20033DC46 /* MinhasAnotacoesSegundaTentativa */,
			);
		};
/* End PBXProject section */

/* Begin PBXResourcesBuildPhase section */
		CADB19E1225C34C20033DC46 /* Resources */ = {
			isa = PBXResourcesBuildPhase;
			buildActionMask = 2147483647;
			files = (
				CADB19F1225C34C30033DC46 /* LaunchScreen.storyboard in Resources */,
				CADB19EE225C34C30033DC46 /* Assets.xcassets in Resources */,
				CADB19EC225C34C20033DC46 /* Main.storyboard in Resources */,
			);
			runOnlyForDeploymentPostprocessing = 0;
		};
/* End PBXResourcesBuildPhase section */

/* Begin PBXSourcesBuildPhase section */
		CADB19DF225C34C20033DC46 /* Sources */ = {
			isa = PBXSourcesBuildPhase;
			buildActionMask = 2147483647;
			files = (
				CADB19E9225C34C20033DC46 /* ViewController.swift in Sources */,
				CADB19E7225C34C20033DC46 /* AppDelegate.swift in Sources */,
			);
			runOnlyForDeploymentPostprocessing = 0;
		};
/* End PBXSourcesBuildPhase section */

/* Begin PBXVariantGroup section */
		CADB19EA225C34C20033DC46 /* Main.storyboard */ = {
			isa = PBXVariantGroup;
			children = (
				CADB19EB225C34C20033DC46 /* Base */,
			);
			name = Main.storyboard;
			sourceTree = "<group>";
		};
		CADB19EF225C34C30033DC46 /* LaunchScreen.storyboard */ = {
			isa = PBXVariantGroup;
			children = (
				CADB19F0225C34C30033DC46 /* Base */,
			);
			name = LaunchScreen.storyboard;
			sourceTree = "<group>";
		};
/* End PBXVariantGroup section */

/* Begin XCBuildConfiguration section */
		CADB19F3225C34C30033DC46 /* Debug */ = {
			isa = XCBuildConfiguration;
			buildSettings = {
				ALWAYS_SEARCH_USER_PATHS = NO;
				CLANG_ANALYZER_NONNULL = YES;
				CLANG_ANALYZER_NUMBER_OBJECT_CONVERSION = YES_AGGRESSIVE;
				CLANG_CXX_LANGUAGE_STANDARD = "gnu++14";
				CLANG_CXX_LIBRARY = "libc++";
				CLANG_ENABLE_MODULES = YES;
				CLANG_ENABLE_OBJC_ARC = YES;
				CLANG_ENABLE_OBJC_WEAK = YES;
				CLANG_WARN_BLOCK_CAPTURE_AUTORELEASING = YES;
				CLANG_WARN_BOOL_CONVERSION = YES;
				CLANG_WARN_COMMA = YES;
				CLANG_WARN_CONSTANT_CONVERSION = YES;
				CLANG_WARN_DEPRECATED_OBJC_IMPLEMENTATIONS = YES;
				CLANG_WARN_DIRECT_OBJC_ISA_USAGE = YES_ERROR;
				CLANG_WARN_DOCUMENTATION_COMMENTS = YES;
				CLANG_WARN_EMPTY_BODY = YES;
				CLANG_WARN_ENUM_CONVERSION = YES;
				CLANG_WARN_INFINITE_RECURSION = YES;
				CLANG_WARN_INT_CONVERSION = YES;
				CLANG_WARN_NON_LITERAL_NULL_CONVERSION = YES;
				CLANG_WARN_OBJC_IMPLICIT_RETAIN_SELF = YES;
				CLANG_WARN_OBJC_LITERAL_CONVERSION = YES;
				CLANG_WARN_OBJC_ROOT_CLASS = YES_ERROR;
				CLANG_WARN_RANGE_LOOP_ANALYSIS = YES;
				CLANG_WARN_STRICT_PROTOTYPES = YES;
				CLANG_WARN_SUSPICIOUS_MOVE = YES;
				CLANG_WARN_UNGUARDED_AVAILABILITY = YES_AGGRESSIVE;
				CLANG_WARN_UNREACHABLE_CODE = YES;
				CLANG_WARN__DUPLICATE_METHOD_MATCH = YES;
				CODE_SIGN_IDENTITY = "iPhone Developer";
				COPY_PHASE_STRIP = NO;
				DEBUG_INFORMATION_FORMAT = dwarf;
				ENABLE_STRICT_OBJC_MSGSEND = YES;
				ENABLE_TESTABILITY = YES;
				GCC_C_LANGUAGE_STANDARD = gnu11;
				GCC_DYNAMIC_NO_PIC = NO;
				GCC_NO_COMMON_BLOCKS = YES;
				GCC_OPTIMIZATION_LEVEL = 0;
				GCC_PREPROCESSOR_DEFINITIONS = (
					"DEBUG=1",
					"$(inherited)",
				);
				GCC_WARN_64_TO_32_BIT_CONVERSION = YES;
				GCC_WARN_ABOUT_RETURN_TYPE = YES_ERROR;
				GCC_WARN_UNDECLARED_SELECTOR = YES;
				GCC_WARN_UNINITIALIZED_AUTOS = YES_AGGRESSIVE;
				GCC_WARN_UNUSED_FUNCTION = YES;
				GCC_WARN_UNUSED_VARIABLE = YES;
				IPHONEOS_DEPLOYMENT_TARGET = 12.2;
				MTL_ENABLE_DEBUG_INFO = INCLUDE_SOURCE;
				MTL_FAST_MATH = YES;
				ONLY_ACTIVE_ARCH = YES;
				SDKROOT = iphoneos;
				SWIFT_ACTIVE_COMPILATION_CONDITIONS = DEBUG;
				SWIFT_OPTIMIZATION_LEVEL = "-Onone";
			};
			name = Debug;
		};
		CADB19F4225C34C30033DC46 /* Release */ = {
			isa = XCBuildConfiguration;
			buildSettings = {
				ALWAYS_SEARCH_USER_PATHS = NO;
				CLANG_ANALYZER_NONNULL = YES;
				CLANG_ANALYZER_NUMBER_OBJECT_CONVERSION = YES_AGGRESSIVE;
				CLANG_CXX_LANGUAGE_STANDARD = "gnu++14";
				CLANG_CXX_LIBRARY = "libc++";
				CLANG_ENABLE_MODULES = YES;
				CLANG_ENABLE_OBJC_ARC = YES;
				CLANG_ENABLE_OBJC_WEAK = YES;
				CLANG_WARN_BLOCK_CAPTURE_AUTORELEASING = YES;
				CLANG_WARN_BOOL_CONVERSION = YES;
				CLANG_WARN_COMMA = YES;
				CLANG_WARN_CONSTANT_CONVERSION = YES;
				CLANG_WARN_DEPRECATED_OBJC_IMPLEMENTATIONS = YES;
				CLANG_WARN_DIRECT_OBJC_ISA_USAGE = YES_ERROR;
				CLANG_WARN_DOCUMENTATION_COMMENTS = YES;
				CLANG_WARN_EMPTY_BODY = YES;
				CLANG_WARN_ENUM_CONVERSION = YES;
				CLANG_WARN_INFINITE_RECURSION = YES;
				CLANG_WARN_INT_CONVERSION = YES;
				CLANG_WARN_NON_LITERAL_NULL_CONVERSION = YES;
				CLANG_WARN_OBJC_IMPLICIT_RETAIN_SELF = YES;
				CLANG_WARN_OBJC_LITERAL_CONVERSION = YES;
				CLANG_WARN_OBJC_ROOT_CLASS = YES_ERROR;
				CLANG_WARN_RANGE_LOOP_ANALYSIS = YES;
				CLANG_WARN_STRICT_PROTOTYPES = YES;
				CLANG_WARN_SUSPICIOUS_MOVE = YES;
				CLANG_WARN_UNGUARDED_AVAILABILITY = YES_AGGRESSIVE;
				CLANG_WARN_UNREACHABLE_CODE = YES;
				CLANG_WARN__DUPLICATE_METHOD_MATCH = YES;
				CODE_SIGN_IDENTITY = "iPhone Developer";
				COPY_PHASE_STRIP = NO;
				DEBUG_INFORMATION_FORMAT = "dwarf-with-dsym";
				ENABLE_NS_ASSERTIONS = NO;
				ENABLE_STRICT_OBJC_MSGSEND = YES;
				GCC_C_LANGUAGE_STANDARD = gnu11;
				GCC_NO_COMMON_BLOCKS = YES;
				GCC_WARN_64_TO_32_BIT_CONVERSION = YES;
				GCC_WARN_ABOUT_RETURN_TYPE = YES_ERROR;
				GCC_WARN_UNDECLARED_SELECTOR = YES;
				GCC_WARN_UNINITIALIZED_AUTOS = YES_AGGRESSIVE;
				GCC_WARN_UNUSED_FUNCTION = YES;
				GCC_WARN_UNUSED_VARIABLE = YES;
				IPHONEOS_DEPLOYMENT_TARGET = 12.2;
				MTL_ENABLE_DEBUG_INFO = NO;
				MTL_FAST_MATH = YES;
				SDKROOT = iphoneos;
				SWIFT_COMPILATION_MODE = wholemodule;
				SWIFT_OPTIMIZATION_LEVEL = "-O";
				VALIDATE_PRODUCT = YES;
			};
			name = Release;
		};
		CADB19F6225C34C30033DC46 /* Debug */ = {
			isa = XCBuildConfiguration;
			buildSettings = {
				ASSETCATALOG_COMPILER_APPICON_NAME = AppIcon;
				CODE_SIGN_STYLE = Automatic;
				INFOPLIST_FILE = MinhasAnotacoesSegundaTentativa/Info.plist;
				LD_RUNPATH_SEARCH_PATHS = (
					"$(inherited)",
					"@executable_path/Frameworks",
				);
				PRODUCT_BUNDLE_IDENTIFIER = com.cursoios.MinhasAnotacoesSegundaTentativa;
				PRODUCT_NAME = "$(TARGET_NAME)";
				SWIFT_VERSION = 5.0;
				TARGETED_DEVICE_FAMILY = "1,2";
			};
			name = Debug;
		};
		CADB19F7225C34C30033DC46 /* Release */ = {
			isa = XCBuildConfiguration;
			buildSettings = {
				ASSETCATALOG_COMPILER_APPICON_NAME = AppIcon;
				CODE_SIGN_STYLE = Automatic;
				INFOPLIST_FILE = MinhasAnotacoesSegundaTentativa/Info.plist;
				LD_RUNPATH_SEARCH_PATHS = (
					"$(inherited)",
					"@executable_path/Frameworks",
				);
				PRODUCT_BUNDLE_IDENTIFIER = com.cursoios.MinhasAnotacoesSegundaTentativa;
				PRODUCT_NAME = "$(TARGET_NAME)";
				SWIFT_VERSION = 5.0;
				TARGETED_DEVICE_FAMILY = "1,2";
			};
			name = Release;
		};
/* End XCBuildConfiguration section */

/* Begin XCConfigurationList section */
		CADB19DE225C34C20033DC46 /* Build configuration list for PBXProject "MinhasAnotacoesSegundaTentativa" */ = {
			isa = XCConfigurationList;
			buildConfigurations = (
				CADB19F3225C34C30033DC46 /* Debug */,
				CADB19F4225C34C30033DC46 /* Release */,
			);
			defaultConfigurationIsVisible = 0;
			defaultConfigurationName = Release;
		};
		CADB19F5225C34C30033DC46 /* Build configuration list for PBXNativeTarget "MinhasAnotacoesSegundaTentativa" */ = {
			isa = XCConfigurationList;
			buildConfigurations = (
				CADB19F6225C34C30033DC46 /* Debug */,
				CADB19F7225C34C30033DC46 /* Release */,
			);
			defaultConfigurationIsVisible = 0;
			defaultConfigurationName = Release;
		};
/* End XCConfigurationList section */
	};
	rootObject = CADB19DB225C34C20033DC46 /* Project object */;
}
