// !$*UTF8*$!
{
	archiveVersion = 1;
	classes = {
	};
	objectVersion = 50;
	objects = {

/* Begin PBXBuildFile section */
		CA859511224C500E0095FC92 /* AppDelegate.swift in Sources */ = {isa = PBXBuildFile; fileRef = CA859510224C500E0095FC92 /* AppDelegate.swift */; };
		CA859513224C500E0095FC92 /* ViewController.swift in Sources */ = {isa = PBXBuildFile; fileRef = CA859512224C500E0095FC92 /* ViewController.swift */; };
		CA859516224C500E0095FC92 /* Main.storyboard in Resources */ = {isa = PBXBuildFile; fileRef = CA859514224C500E0095FC92 /* Main.storyboard */; };
		CA859518224C500F0095FC92 /* Assets.xcassets in Resources */ = {isa = PBXBuildFile; fileRef = CA859517224C500F0095FC92 /* Assets.xcassets */; };
		CA85951B224C500F0095FC92 /* LaunchScreen.storyboard in Resources */ = {isa = PBXBuildFile; fileRef = CA859519224C500F0095FC92 /* LaunchScreen.storyboard */; };
		CA859525224C50420095FC92 /* aspas-direita.png in Resources */ = {isa = PBXBuildFile; fileRef = CA859522224C50420095FC92 /* aspas-direita.png */; };
		CA859526224C50420095FC92 /* aspas-esquerda.png in Resources */ = {isa = PBXBuildFile; fileRef = CA859523224C50420095FC92 /* aspas-esquerda.png */; };
		CA859527224C50420095FC92 /* logo.png in Resources */ = {isa = PBXBuildFile; fileRef = CA859524224C50420095FC92 /* logo.png */; };
/* End PBXBuildFile section */

/* Begin PBXFileReference section */
		CA85950D224C500E0095FC92 /* RandomPhrase.app */ = {isa = PBXFileReference; explicitFileType = wrapper.application; includeInIndex = 0; path = RandomPhrase.app; sourceTree = BUILT_PRODUCTS_DIR; };
		CA859510224C500E0095FC92 /* AppDelegate.swift */ = {isa = PBXFileReference; lastKnownFileType = sourcecode.swift; path = AppDelegate.swift; sourceTree = "<group>"; };
		CA859512224C500E0095FC92 /* ViewController.swift */ = {isa = PBXFileReference; lastKnownFileType = sourcecode.swift; path = ViewController.swift; sourceTree = "<group>"; };
		CA859515224C500E0095FC92 /* Base */ = {isa = PBXFileReference; lastKnownFileType = file.storyboard; name = Base; path = Base.lproj/Main.storyboard; sourceTree = "<group>"; };
		CA859517224C500F0095FC92 /* Assets.xcassets */ = {isa = PBXFileReference; lastKnownFileType = folder.assetcatalog; path = Assets.xcassets; sourceTree = "<group>"; };
		CA85951A224C500F0095FC92 /* Base */ = {isa = PBXFileReference; lastKnownFileType = file.storyboard; name = Base; path = Base.lproj/LaunchScreen.storyboard; sourceTree = "<group>"; };
		CA85951C224C500F0095FC92 /* Info.plist */ = {isa = PBXFileReference; lastKnownFileType = text.plist.xml; path = Info.plist; sourceTree = "<group>"; };
		CA859522224C50420095FC92 /* aspas-direita.png */ = {isa = PBXFileReference; lastKnownFileType = image.png; path = "aspas-direita.png"; sourceTree = "<group>"; };
		CA859523224C50420095FC92 /* aspas-esquerda.png */ = {isa = PBXFileReference; lastKnownFileType = image.png; path = "aspas-esquerda.png"; sourceTree = "<group>"; };
		CA859524224C50420095FC92 /* logo.png */ = {isa = PBXFileReference; lastKnownFileType = image.png; path = logo.png; sourceTree = "<group>"; };
/* End PBXFileReference section */

/* Begin PBXFrameworksBuildPhase section */
		CA85950A224C500D0095FC92 /* Frameworks */ = {
			isa = PBXFrameworksBuildPhase;
			buildActionMask = 2147483647;
			files = (
			);
			runOnlyForDeploymentPostprocessing = 0;
		};
/* End PBXFrameworksBuildPhase section */

/* Begin PBXGroup section */
		CA859504224C500D0095FC92 = {
			isa = PBXGroup;
			children = (
				CA85950F224C500E0095FC92 /* RandomPhrase */,
				CA85950E224C500E0095FC92 /* Products */,
			);
			sourceTree = "<group>";
		};
		CA85950E224C500E0095FC92 /* Products */ = {
			isa = PBXGroup;
			children = (
				CA85950D224C500E0095FC92 /* RandomPhrase.app */,
			);
			name = Products;
			sourceTree = "<group>";
		};
		CA85950F224C500E0095FC92 /* RandomPhrase */ = {
			isa = PBXGroup;
			children = (
				CA859510224C500E0095FC92 /* AppDelegate.swift */,
				CA859512224C500E0095FC92 /* ViewController.swift */,
				CA859514224C500E0095FC92 /* Main.storyboard */,
				CA859517224C500F0095FC92 /* Assets.xcassets */,
				CA859522224C50420095FC92 /* aspas-direita.png */,
				CA859523224C50420095FC92 /* aspas-esquerda.png */,
				CA859524224C50420095FC92 /* logo.png */,
				CA859519224C500F0095FC92 /* LaunchScreen.storyboard */,
				CA85951C224C500F0095FC92 /* Info.plist */,
			);
			path = RandomPhrase;
			sourceTree = "<group>";
		};
/* End PBXGroup section */

/* Begin PBXNativeTarget section */
		CA85950C224C500D0095FC92 /* RandomPhrase */ = {
			isa = PBXNativeTarget;
			buildConfigurationList = CA85951F224C500F0095FC92 /* Build configuration list for PBXNativeTarget "RandomPhrase" */;
			buildPhases = (
				CA859509224C500D0095FC92 /* Sources */,
				CA85950A224C500D0095FC92 /* Frameworks */,
				CA85950B224C500D0095FC92 /* Resources */,
			);
			buildRules = (
			);
			dependencies = (
			);
			name = RandomPhrase;
			productName = RandomPhrase;
			productReference = CA85950D224C500E0095FC92 /* RandomPhrase.app */;
			productType = "com.apple.product-type.application";
		};
/* End PBXNativeTarget section */

/* Begin PBXProject section */
		CA859505224C500D0095FC92 /* Project object */ = {
			isa = PBXProject;
			attributes = {
				LastSwiftUpdateCheck = 1020;
				LastUpgradeCheck = 1020;
				ORGANIZATIONNAME = CursoiOS;
				TargetAttributes = {
					CA85950C224C500D0095FC92 = {
						CreatedOnToolsVersion = 10.2;
					};
				};
			};
			buildConfigurationList = CA859508224C500D0095FC92 /* Build configuration list for PBXProject "RandomPhrase" */;
			compatibilityVersion = "Xcode 9.3";
			developmentRegion = en;
			hasScannedForEncodings = 0;
			knownRegions = (
				en,
				Base,
			);
			mainGroup = CA859504224C500D0095FC92;
			productRefGroup = CA85950E224C500E0095FC92 /* Products */;
			projectDirPath = "";
			projectRoot = "";
			targets = (
				CA85950C224C500D0095FC92 /* RandomPhrase */,
			);
		};
/* End PBXProject section */

/* Begin PBXResourcesBuildPhase section */
		CA85950B224C500D0095FC92 /* Resources */ = {
			isa = PBXResourcesBuildPhase;
			buildActionMask = 2147483647;
			files = (
				CA85951B224C500F0095FC92 /* LaunchScreen.storyboard in Resources */,
				CA859518224C500F0095FC92 /* Assets.xcassets in Resources */,
				CA859527224C50420095FC92 /* logo.png in Resources */,
				CA859516224C500E0095FC92 /* Main.storyboard in Resources */,
				CA859525224C50420095FC92 /* aspas-direita.png in Resources */,
				CA859526224C50420095FC92 /* aspas-esquerda.png in Resources */,
			);
			runOnlyForDeploymentPostprocessing = 0;
		};
/* End PBXResourcesBuildPhase section */

/* Begin PBXSourcesBuildPhase section */
		CA859509224C500D0095FC92 /* Sources */ = {
			isa = PBXSourcesBuildPhase;
			buildActionMask = 2147483647;
			files = (
				CA859513224C500E0095FC92 /* ViewController.swift in Sources */,
				CA859511224C500E0095FC92 /* AppDelegate.swift in Sources */,
			);
			runOnlyForDeploymentPostprocessing = 0;
		};
/* End PBXSourcesBuildPhase section */

/* Begin PBXVariantGroup section */
		CA859514224C500E0095FC92 /* Main.storyboard */ = {
			isa = PBXVariantGroup;
			children = (
				CA859515224C500E0095FC92 /* Base */,
			);
			name = Main.storyboard;
			sourceTree = "<group>";
		};
		CA859519224C500F0095FC92 /* LaunchScreen.storyboard */ = {
			isa = PBXVariantGroup;
			children = (
				CA85951A224C500F0095FC92 /* Base */,
			);
			name = LaunchScreen.storyboard;
			sourceTree = "<group>";
		};
/* End PBXVariantGroup section */

/* Begin XCBuildConfiguration section */
		CA85951D224C500F0095FC92 /* Debug */ = {
			isa = XCBuildConfiguration;
			buildSettings = {
				ALWAYS_SEARCH_USER_PATHS = NO;
				CLANG_ANALYZER_NONNULL = YES;
				CLANG_ANALYZER_NUMBER_OBJECT_CONVERSION = YES_AGGRESSIVE;
				CLANG_CXX_LANGUAGE_STANDARD = "gnu++14";
				CLANG_CXX_LIBRARY = "libc++";
				CLANG_ENABLE_MODULES = YES;
				CLANG_ENABLE_OBJC_ARC = YES;
				CLANG_ENABLE_OBJC_WEAK = YES;
				CLANG_WARN_BLOCK_CAPTURE_AUTORELEASING = YES;
				CLANG_WARN_BOOL_CONVERSION = YES;
				CLANG_WARN_COMMA = YES;
				CLANG_WARN_CONSTANT_CONVERSION = YES;
				CLANG_WARN_DEPRECATED_OBJC_IMPLEMENTATIONS = YES;
				CLANG_WARN_DIRECT_OBJC_ISA_USAGE = YES_ERROR;
				CLANG_WARN_DOCUMENTATION_COMMENTS = YES;
				CLANG_WARN_EMPTY_BODY = YES;
				CLANG_WARN_ENUM_CONVERSION = YES;
				CLANG_WARN_INFINITE_RECURSION = YES;
				CLANG_WARN_INT_CONVERSION = YES;
				CLANG_WARN_NON_LITERAL_NULL_CONVERSION = YES;
				CLANG_WARN_OBJC_IMPLICIT_RETAIN_SELF = YES;
				CLANG_WARN_OBJC_LITERAL_CONVERSION = YES;
				CLANG_WARN_OBJC_ROOT_CLASS = YES_ERROR;
				CLANG_WARN_RANGE_LOOP_ANALYSIS = YES;
				CLANG_WARN_STRICT_PROTOTYPES = YES;
				CLANG_WARN_SUSPICIOUS_MOVE = YES;
				CLANG_WARN_UNGUARDED_AVAILABILITY = YES_AGGRESSIVE;
				CLANG_WARN_UNREACHABLE_CODE = YES;
				CLANG_WARN__DUPLICATE_METHOD_MATCH = YES;
				CODE_SIGN_IDENTITY = "iPhone Developer";
				COPY_PHASE_STRIP = NO;
				DEBUG_INFORMATION_FORMAT = dwarf;
				ENABLE_STRICT_OBJC_MSGSEND = YES;
				ENABLE_TESTABILITY = YES;
				GCC_C_LANGUAGE_STANDARD = gnu11;
				GCC_DYNAMIC_NO_PIC = NO;
				GCC_NO_COMMON_BLOCKS = YES;
				GCC_OPTIMIZATION_LEVEL = 0;
				GCC_PREPROCESSOR_DEFINITIONS = (
					"DEBUG=1",
					"$(inherited)",
				);
				GCC_WARN_64_TO_32_BIT_CONVERSION = YES;
				GCC_WARN_ABOUT_RETURN_TYPE = YES_ERROR;
				GCC_WARN_UNDECLARED_SELECTOR = YES;
				GCC_WARN_UNINITIALIZED_AUTOS = YES_AGGRESSIVE;
				GCC_WARN_UNUSED_FUNCTION = YES;
				GCC_WARN_UNUSED_VARIABLE = YES;
				IPHONEOS_DEPLOYMENT_TARGET = 12.2;
				MTL_ENABLE_DEBUG_INFO = INCLUDE_SOURCE;
				MTL_FAST_MATH = YES;
				ONLY_ACTIVE_ARCH = YES;
				SDKROOT = iphoneos;
				SWIFT_ACTIVE_COMPILATION_CONDITIONS = DEBUG;
				SWIFT_OPTIMIZATION_LEVEL = "-Onone";
			};
			name = Debug;
		};
		CA85951E224C500F0095FC92 /* Release */ = {
			isa = XCBuildConfiguration;
			buildSettings = {
				ALWAYS_SEARCH_USER_PATHS = NO;
				CLANG_ANALYZER_NONNULL = YES;
				CLANG_ANALYZER_NUMBER_OBJECT_CONVERSION = YES_AGGRESSIVE;
				CLANG_CXX_LANGUAGE_STANDARD = "gnu++14";
				CLANG_CXX_LIBRARY = "libc++";
				CLANG_ENABLE_MODULES = YES;
				CLANG_ENABLE_OBJC_ARC = YES;
				CLANG_ENABLE_OBJC_WEAK = YES;
				CLANG_WARN_BLOCK_CAPTURE_AUTORELEASING = YES;
				CLANG_WARN_BOOL_CONVERSION = YES;
				CLANG_WARN_COMMA = YES;
				CLANG_WARN_CONSTANT_CONVERSION = YES;
				CLANG_WARN_DEPRECATED_OBJC_IMPLEMENTATIONS = YES;
				CLANG_WARN_DIRECT_OBJC_ISA_USAGE = YES_ERROR;
				CLANG_WARN_DOCUMENTATION_COMMENTS = YES;
				CLANG_WARN_EMPTY_BODY = YES;
				CLANG_WARN_ENUM_CONVERSION = YES;
				CLANG_WARN_INFINITE_RECURSION = YES;
				CLANG_WARN_INT_CONVERSION = YES;
				CLANG_WARN_NON_LITERAL_NULL_CONVERSION = YES;
				CLANG_WARN_OBJC_IMPLICIT_RETAIN_SELF = YES;
				CLANG_WARN_OBJC_LITERAL_CONVERSION = YES;
				CLANG_WARN_OBJC_ROOT_CLASS = YES_ERROR;
				CLANG_WARN_RANGE_LOOP_ANALYSIS = YES;
				CLANG_WARN_STRICT_PROTOTYPES = YES;
				CLANG_WARN_SUSPICIOUS_MOVE = YES;
				CLANG_WARN_UNGUARDED_AVAILABILITY = YES_AGGRESSIVE;
				CLANG_WARN_UNREACHABLE_CODE = YES;
				CLANG_WARN__DUPLICATE_METHOD_MATCH = YES;
				CODE_SIGN_IDENTITY = "iPhone Developer";
				COPY_PHASE_STRIP = NO;
				DEBUG_INFORMATION_FORMAT = "dwarf-with-dsym";
				ENABLE_NS_ASSERTIONS = NO;
				ENABLE_STRICT_OBJC_MSGSEND = YES;
				GCC_C_LANGUAGE_STANDARD = gnu11;
				GCC_NO_COMMON_BLOCKS = YES;
				GCC_WARN_64_TO_32_BIT_CONVERSION = YES;
				GCC_WARN_ABOUT_RETURN_TYPE = YES_ERROR;
				GCC_WARN_UNDECLARED_SELECTOR = YES;
				GCC_WARN_UNINITIALIZED_AUTOS = YES_AGGRESSIVE;
				GCC_WARN_UNUSED_FUNCTION = YES;
				GCC_WARN_UNUSED_VARIABLE = YES;
				IPHONEOS_DEPLOYMENT_TARGET = 12.2;
				MTL_ENABLE_DEBUG_INFO = NO;
				MTL_FAST_MATH = YES;
				SDKROOT = iphoneos;
				SWIFT_COMPILATION_MODE = wholemodule;
				SWIFT_OPTIMIZATION_LEVEL = "-O";
				VALIDATE_PRODUCT = YES;
			};
			name = Release;
		};
		CA859520224C500F0095FC92 /* Debug */ = {
			isa = XCBuildConfiguration;
			buildSettings = {
				ASSETCATALOG_COMPILER_APPICON_NAME = AppIcon;
				CODE_SIGN_STYLE = Automatic;
				INFOPLIST_FILE = RandomPhrase/Info.plist;
				LD_RUNPATH_SEARCH_PATHS = (
					"$(inherited)",
					"@executable_path/Frameworks",
				);
				PRODUCT_BUNDLE_IDENTIFIER = com.cursoios.RandomPhrase;
				PRODUCT_NAME = "$(TARGET_NAME)";
				SWIFT_VERSION = 5.0;
				TARGETED_DEVICE_FAMILY = "1,2";
			};
			name = Debug;
		};
		CA859521224C500F0095FC92 /* Release */ = {
			isa = XCBuildConfiguration;
			buildSettings = {
				ASSETCATALOG_COMPILER_APPICON_NAME = AppIcon;
				CODE_SIGN_STYLE = Automatic;
				INFOPLIST_FILE = RandomPhrase/Info.plist;
				LD_RUNPATH_SEARCH_PATHS = (
					"$(inherited)",
					"@executable_path/Frameworks",
				);
				PRODUCT_BUNDLE_IDENTIFIER = com.cursoios.RandomPhrase;
				PRODUCT_NAME = "$(TARGET_NAME)";
				SWIFT_VERSION = 5.0;
				TARGETED_DEVICE_FAMILY = "1,2";
			};
			name = Release;
		};
/* End XCBuildConfiguration section */

/* Begin XCConfigurationList section */
		CA859508224C500D0095FC92 /* Build configuration list for PBXProject "RandomPhrase" */ = {
			isa = XCConfigurationList;
			buildConfigurations = (
				CA85951D224C500F0095FC92 /* Debug */,
				CA85951E224C500F0095FC92 /* Release */,
			);
			defaultConfigurationIsVisible = 0;
			defaultConfigurationName = Release;
		};
		CA85951F224C500F0095FC92 /* Build configuration list for PBXNativeTarget "RandomPhrase" */ = {
			isa = XCConfigurationList;
			buildConfigurations = (
				CA859520224C500F0095FC92 /* Debug */,
				CA859521224C500F0095FC92 /* Release */,
			);
			defaultConfigurationIsVisible = 0;
			defaultConfigurationName = Release;
		};
/* End XCConfigurationList section */
	};
	rootObject = CA859505224C500D0095FC92 /* Project object */;
}
