// !$*UTF8*$!
{
	archiveVersion = 1;
	classes = {
	};
	objectVersion = 50;
	objects = {

/* Begin PBXBuildFile section */
		CA9E6E942259A25B008EAF4A /* AppDelegate.swift in Sources */ = {isa = PBXBuildFile; fileRef = CA9E6E932259A25B008EAF4A /* AppDelegate.swift */; };
		CA9E6E962259A25B008EAF4A /* ViewController.swift in Sources */ = {isa = PBXBuildFile; fileRef = CA9E6E952259A25B008EAF4A /* ViewController.swift */; };
		CA9E6E992259A25B008EAF4A /* Main.storyboard in Resources */ = {isa = PBXBuildFile; fileRef = CA9E6E972259A25B008EAF4A /* Main.storyboard */; };
		CA9E6E9B2259A25C008EAF4A /* Assets.xcassets in Resources */ = {isa = PBXBuildFile; fileRef = CA9E6E9A2259A25C008EAF4A /* Assets.xcassets */; };
		CA9E6E9E2259A25C008EAF4A /* LaunchScreen.storyboard in Resources */ = {isa = PBXBuildFile; fileRef = CA9E6E9C2259A25C008EAF4A /* LaunchScreen.storyboard */; };
		CA9E6EA62259A2E2008EAF4A /* Filmes.swift in Sources */ = {isa = PBXBuildFile; fileRef = CA9E6EA52259A2E2008EAF4A /* Filmes.swift */; };
		CAE3AC7E225A708A0062BBC0 /* FilmeCelula.swift in Sources */ = {isa = PBXBuildFile; fileRef = CAE3AC7D225A708A0062BBC0 /* FilmeCelula.swift */; };
		CAE3AC80225A797D0062BBC0 /* DetalhesFilmeViewController.swift in Sources */ = {isa = PBXBuildFile; fileRef = CAE3AC7F225A797D0062BBC0 /* DetalhesFilmeViewController.swift */; };
/* End PBXBuildFile section */

/* Begin PBXFileReference section */
		CA9E6E902259A25B008EAF4A /* MeusFilmesAula.app */ = {isa = PBXFileReference; explicitFileType = wrapper.application; includeInIndex = 0; path = MeusFilmesAula.app; sourceTree = BUILT_PRODUCTS_DIR; };
		CA9E6E932259A25B008EAF4A /* AppDelegate.swift */ = {isa = PBXFileReference; lastKnownFileType = sourcecode.swift; path = AppDelegate.swift; sourceTree = "<group>"; };
		CA9E6E952259A25B008EAF4A /* ViewController.swift */ = {isa = PBXFileReference; lastKnownFileType = sourcecode.swift; path = ViewController.swift; sourceTree = "<group>"; };
		CA9E6E982259A25B008EAF4A /* Base */ = {isa = PBXFileReference; lastKnownFileType = file.storyboard; name = Base; path = Base.lproj/Main.storyboard; sourceTree = "<group>"; };
		CA9E6E9A2259A25C008EAF4A /* Assets.xcassets */ = {isa = PBXFileReference; lastKnownFileType = folder.assetcatalog; path = Assets.xcassets; sourceTree = "<group>"; };
		CA9E6E9D2259A25C008EAF4A /* Base */ = {isa = PBXFileReference; lastKnownFileType = file.storyboard; name = Base; path = Base.lproj/LaunchScreen.storyboard; sourceTree = "<group>"; };
		CA9E6E9F2259A25C008EAF4A /* Info.plist */ = {isa = PBXFileReference; lastKnownFileType = text.plist.xml; path = Info.plist; sourceTree = "<group>"; };
		CA9E6EA52259A2E2008EAF4A /* Filmes.swift */ = {isa = PBXFileReference; lastKnownFileType = sourcecode.swift; path = Filmes.swift; sourceTree = "<group>"; };
		CAE3AC7D225A708A0062BBC0 /* FilmeCelula.swift */ = {isa = PBXFileReference; lastKnownFileType = sourcecode.swift; path = FilmeCelula.swift; sourceTree = "<group>"; };
		CAE3AC7F225A797D0062BBC0 /* DetalhesFilmeViewController.swift */ = {isa = PBXFileReference; lastKnownFileType = sourcecode.swift; path = DetalhesFilmeViewController.swift; sourceTree = "<group>"; };
/* End PBXFileReference section */

/* Begin PBXFrameworksBuildPhase section */
		CA9E6E8D2259A25B008EAF4A /* Frameworks */ = {
			isa = PBXFrameworksBuildPhase;
			buildActionMask = 2147483647;
			files = (
			);
			runOnlyForDeploymentPostprocessing = 0;
		};
/* End PBXFrameworksBuildPhase section */

/* Begin PBXGroup section */
		CA9E6E872259A25B008EAF4A = {
			isa = PBXGroup;
			children = (
				CA9E6E922259A25B008EAF4A /* MeusFilmesAula */,
				CA9E6E912259A25B008EAF4A /* Products */,
			);
			sourceTree = "<group>";
		};
		CA9E6E912259A25B008EAF4A /* Products */ = {
			isa = PBXGroup;
			children = (
				CA9E6E902259A25B008EAF4A /* MeusFilmesAula.app */,
			);
			name = Products;
			sourceTree = "<group>";
		};
		CA9E6E922259A25B008EAF4A /* MeusFilmesAula */ = {
			isa = PBXGroup;
			children = (
				CA9E6E932259A25B008EAF4A /* AppDelegate.swift */,
				CA9E6E952259A25B008EAF4A /* ViewController.swift */,
				CA9E6EA52259A2E2008EAF4A /* Filmes.swift */,
				CA9E6E972259A25B008EAF4A /* Main.storyboard */,
				CAE3AC7F225A797D0062BBC0 /* DetalhesFilmeViewController.swift */,
				CAE3AC7D225A708A0062BBC0 /* FilmeCelula.swift */,
				CA9E6E9A2259A25C008EAF4A /* Assets.xcassets */,
				CA9E6E9C2259A25C008EAF4A /* LaunchScreen.storyboard */,
				CA9E6E9F2259A25C008EAF4A /* Info.plist */,
			);
			path = MeusFilmesAula;
			sourceTree = "<group>";
		};
/* End PBXGroup section */

/* Begin PBXNativeTarget section */
		CA9E6E8F2259A25B008EAF4A /* MeusFilmesAula */ = {
			isa = PBXNativeTarget;
			buildConfigurationList = CA9E6EA22259A25C008EAF4A /* Build configuration list for PBXNativeTarget "MeusFilmesAula" */;
			buildPhases = (
				CA9E6E8C2259A25B008EAF4A /* Sources */,
				CA9E6E8D2259A25B008EAF4A /* Frameworks */,
				CA9E6E8E2259A25B008EAF4A /* Resources */,
			);
			buildRules = (
			);
			dependencies = (
			);
			name = MeusFilmesAula;
			productName = MeusFilmesAula;
			productReference = CA9E6E902259A25B008EAF4A /* MeusFilmesAula.app */;
			productType = "com.apple.product-type.application";
		};
/* End PBXNativeTarget section */

/* Begin PBXProject section */
		CA9E6E882259A25B008EAF4A /* Project object */ = {
			isa = PBXProject;
			attributes = {
				LastSwiftUpdateCheck = 1020;
				LastUpgradeCheck = 1020;
				ORGANIZATIONNAME = CursoiOS;
				TargetAttributes = {
					CA9E6E8F2259A25B008EAF4A = {
						CreatedOnToolsVersion = 10.2;
					};
				};
			};
			buildConfigurationList = CA9E6E8B2259A25B008EAF4A /* Build configuration list for PBXProject "MeusFilmesAula" */;
			compatibilityVersion = "Xcode 9.3";
			developmentRegion = en;
			hasScannedForEncodings = 0;
			knownRegions = (
				en,
				Base,
			);
			mainGroup = CA9E6E872259A25B008EAF4A;
			productRefGroup = CA9E6E912259A25B008EAF4A /* Products */;
			projectDirPath = "";
			projectRoot = "";
			targets = (
				CA9E6E8F2259A25B008EAF4A /* MeusFilmesAula */,
			);
		};
/* End PBXProject section */

/* Begin PBXResourcesBuildPhase section */
		CA9E6E8E2259A25B008EAF4A /* Resources */ = {
			isa = PBXResourcesBuildPhase;
			buildActionMask = 2147483647;
			files = (
				CA9E6E9E2259A25C008EAF4A /* LaunchScreen.storyboard in Resources */,
				CA9E6E9B2259A25C008EAF4A /* Assets.xcassets in Resources */,
				CA9E6E992259A25B008EAF4A /* Main.storyboard in Resources */,
			);
			runOnlyForDeploymentPostprocessing = 0;
		};
/* End PBXResourcesBuildPhase section */

/* Begin PBXSourcesBuildPhase section */
		CA9E6E8C2259A25B008EAF4A /* Sources */ = {
			isa = PBXSourcesBuildPhase;
			buildActionMask = 2147483647;
			files = (
				CA9E6EA62259A2E2008EAF4A /* Filmes.swift in Sources */,
				CA9E6E962259A25B008EAF4A /* ViewController.swift in Sources */,
				CAE3AC80225A797D0062BBC0 /* DetalhesFilmeViewController.swift in Sources */,
				CA9E6E942259A25B008EAF4A /* AppDelegate.swift in Sources */,
				CAE3AC7E225A708A0062BBC0 /* FilmeCelula.swift in Sources */,
			);
			runOnlyForDeploymentPostprocessing = 0;
		};
/* End PBXSourcesBuildPhase section */

/* Begin PBXVariantGroup section */
		CA9E6E972259A25B008EAF4A /* Main.storyboard */ = {
			isa = PBXVariantGroup;
			children = (
				CA9E6E982259A25B008EAF4A /* Base */,
			);
			name = Main.storyboard;
			sourceTree = "<group>";
		};
		CA9E6E9C2259A25C008EAF4A /* LaunchScreen.storyboard */ = {
			isa = PBXVariantGroup;
			children = (
				CA9E6E9D2259A25C008EAF4A /* Base */,
			);
			name = LaunchScreen.storyboard;
			sourceTree = "<group>";
		};
/* End PBXVariantGroup section */

/* Begin XCBuildConfiguration section */
		CA9E6EA02259A25C008EAF4A /* Debug */ = {
			isa = XCBuildConfiguration;
			buildSettings = {
				ALWAYS_SEARCH_USER_PATHS = NO;
				CLANG_ANALYZER_NONNULL = YES;
				CLANG_ANALYZER_NUMBER_OBJECT_CONVERSION = YES_AGGRESSIVE;
				CLANG_CXX_LANGUAGE_STANDARD = "gnu++14";
				CLANG_CXX_LIBRARY = "libc++";
				CLANG_ENABLE_MODULES = YES;
				CLANG_ENABLE_OBJC_ARC = YES;
				CLANG_ENABLE_OBJC_WEAK = YES;
				CLANG_WARN_BLOCK_CAPTURE_AUTORELEASING = YES;
				CLANG_WARN_BOOL_CONVERSION = YES;
				CLANG_WARN_COMMA = YES;
				CLANG_WARN_CONSTANT_CONVERSION = YES;
				CLANG_WARN_DEPRECATED_OBJC_IMPLEMENTATIONS = YES;
				CLANG_WARN_DIRECT_OBJC_ISA_USAGE = YES_ERROR;
				CLANG_WARN_DOCUMENTATION_COMMENTS = YES;
				CLANG_WARN_EMPTY_BODY = YES;
				CLANG_WARN_ENUM_CONVERSION = YES;
				CLANG_WARN_INFINITE_RECURSION = YES;
				CLANG_WARN_INT_CONVERSION = YES;
				CLANG_WARN_NON_LITERAL_NULL_CONVERSION = YES;
				CLANG_WARN_OBJC_IMPLICIT_RETAIN_SELF = YES;
				CLANG_WARN_OBJC_LITERAL_CONVERSION = YES;
				CLANG_WARN_OBJC_ROOT_CLASS = YES_ERROR;
				CLANG_WARN_RANGE_LOOP_ANALYSIS = YES;
				CLANG_WARN_STRICT_PROTOTYPES = YES;
				CLANG_WARN_SUSPICIOUS_MOVE = YES;
				CLANG_WARN_UNGUARDED_AVAILABILITY = YES_AGGRESSIVE;
				CLANG_WARN_UNREACHABLE_CODE = YES;
				CLANG_WARN__DUPLICATE_METHOD_MATCH = YES;
				CODE_SIGN_IDENTITY = "iPhone Developer";
				COPY_PHASE_STRIP = NO;
				DEBUG_INFORMATION_FORMAT = dwarf;
				ENABLE_STRICT_OBJC_MSGSEND = YES;
				ENABLE_TESTABILITY = YES;
				GCC_C_LANGUAGE_STANDARD = gnu11;
				GCC_DYNAMIC_NO_PIC = NO;
				GCC_NO_COMMON_BLOCKS = YES;
				GCC_OPTIMIZATION_LEVEL = 0;
				GCC_PREPROCESSOR_DEFINITIONS = (
					"DEBUG=1",
					"$(inherited)",
				);
				GCC_WARN_64_TO_32_BIT_CONVERSION = YES;
				GCC_WARN_ABOUT_RETURN_TYPE = YES_ERROR;
				GCC_WARN_UNDECLARED_SELECTOR = YES;
				GCC_WARN_UNINITIALIZED_AUTOS = YES_AGGRESSIVE;
				GCC_WARN_UNUSED_FUNCTION = YES;
				GCC_WARN_UNUSED_VARIABLE = YES;
				IPHONEOS_DEPLOYMENT_TARGET = 12.2;
				MTL_ENABLE_DEBUG_INFO = INCLUDE_SOURCE;
				MTL_FAST_MATH = YES;
				ONLY_ACTIVE_ARCH = YES;
				SDKROOT = iphoneos;
				SWIFT_ACTIVE_COMPILATION_CONDITIONS = DEBUG;
				SWIFT_OPTIMIZATION_LEVEL = "-Onone";
			};
			name = Debug;
		};
		CA9E6EA12259A25C008EAF4A /* Release */ = {
			isa = XCBuildConfiguration;
			buildSettings = {
				ALWAYS_SEARCH_USER_PATHS = NO;
				CLANG_ANALYZER_NONNULL = YES;
				CLANG_ANALYZER_NUMBER_OBJECT_CONVERSION = YES_AGGRESSIVE;
				CLANG_CXX_LANGUAGE_STANDARD = "gnu++14";
				CLANG_CXX_LIBRARY = "libc++";
				CLANG_ENABLE_MODULES = YES;
				CLANG_ENABLE_OBJC_ARC = YES;
				CLANG_ENABLE_OBJC_WEAK = YES;
				CLANG_WARN_BLOCK_CAPTURE_AUTORELEASING = YES;
				CLANG_WARN_BOOL_CONVERSION = YES;
				CLANG_WARN_COMMA = YES;
				CLANG_WARN_CONSTANT_CONVERSION = YES;
				CLANG_WARN_DEPRECATED_OBJC_IMPLEMENTATIONS = YES;
				CLANG_WARN_DIRECT_OBJC_ISA_USAGE = YES_ERROR;
				CLANG_WARN_DOCUMENTATION_COMMENTS = YES;
				CLANG_WARN_EMPTY_BODY = YES;
				CLANG_WARN_ENUM_CONVERSION = YES;
				CLANG_WARN_INFINITE_RECURSION = YES;
				CLANG_WARN_INT_CONVERSION = YES;
				CLANG_WARN_NON_LITERAL_NULL_CONVERSION = YES;
				CLANG_WARN_OBJC_IMPLICIT_RETAIN_SELF = YES;
				CLANG_WARN_OBJC_LITERAL_CONVERSION = YES;
				CLANG_WARN_OBJC_ROOT_CLASS = YES_ERROR;
				CLANG_WARN_RANGE_LOOP_ANALYSIS = YES;
				CLANG_WARN_STRICT_PROTOTYPES = YES;
				CLANG_WARN_SUSPICIOUS_MOVE = YES;
				CLANG_WARN_UNGUARDED_AVAILABILITY = YES_AGGRESSIVE;
				CLANG_WARN_UNREACHABLE_CODE = YES;
				CLANG_WARN__DUPLICATE_METHOD_MATCH = YES;
				CODE_SIGN_IDENTITY = "iPhone Developer";
				COPY_PHASE_STRIP = NO;
				DEBUG_INFORMATION_FORMAT = "dwarf-with-dsym";
				ENABLE_NS_ASSERTIONS = NO;
				ENABLE_STRICT_OBJC_MSGSEND = YES;
				GCC_C_LANGUAGE_STANDARD = gnu11;
				GCC_NO_COMMON_BLOCKS = YES;
				GCC_WARN_64_TO_32_BIT_CONVERSION = YES;
				GCC_WARN_ABOUT_RETURN_TYPE = YES_ERROR;
				GCC_WARN_UNDECLARED_SELECTOR = YES;
				GCC_WARN_UNINITIALIZED_AUTOS = YES_AGGRESSIVE;
				GCC_WARN_UNUSED_FUNCTION = YES;
				GCC_WARN_UNUSED_VARIABLE = YES;
				IPHONEOS_DEPLOYMENT_TARGET = 12.2;
				MTL_ENABLE_DEBUG_INFO = NO;
				MTL_FAST_MATH = YES;
				SDKROOT = iphoneos;
				SWIFT_COMPILATION_MODE = wholemodule;
				SWIFT_OPTIMIZATION_LEVEL = "-O";
				VALIDATE_PRODUCT = YES;
			};
			name = Release;
		};
		CA9E6EA32259A25C008EAF4A /* Debug */ = {
			isa = XCBuildConfiguration;
			buildSettings = {
				ASSETCATALOG_COMPILER_APPICON_NAME = AppIcon;
				CODE_SIGN_STYLE = Automatic;
				INFOPLIST_FILE = MeusFilmesAula/Info.plist;
				LD_RUNPATH_SEARCH_PATHS = (
					"$(inherited)",
					"@executable_path/Frameworks",
				);
				PRODUCT_BUNDLE_IDENTIFIER = com.cursoios.MeusFilmesAula;
				PRODUCT_NAME = "$(TARGET_NAME)";
				SWIFT_VERSION = 5.0;
				TARGETED_DEVICE_FAMILY = "1,2";
			};
			name = Debug;
		};
		CA9E6EA42259A25C008EAF4A /* Release */ = {
			isa = XCBuildConfiguration;
			buildSettings = {
				ASSETCATALOG_COMPILER_APPICON_NAME = AppIcon;
				CODE_SIGN_STYLE = Automatic;
				INFOPLIST_FILE = MeusFilmesAula/Info.plist;
				LD_RUNPATH_SEARCH_PATHS = (
					"$(inherited)",
					"@executable_path/Frameworks",
				);
				PRODUCT_BUNDLE_IDENTIFIER = com.cursoios.MeusFilmesAula;
				PRODUCT_NAME = "$(TARGET_NAME)";
				SWIFT_VERSION = 5.0;
				TARGETED_DEVICE_FAMILY = "1,2";
			};
			name = Release;
		};
/* End XCBuildConfiguration section */

/* Begin XCConfigurationList section */
		CA9E6E8B2259A25B008EAF4A /* Build configuration list for PBXProject "MeusFilmesAula" */ = {
			isa = XCConfigurationList;
			buildConfigurations = (
				CA9E6EA02259A25C008EAF4A /* Debug */,
				CA9E6EA12259A25C008EAF4A /* Release */,
			);
			defaultConfigurationIsVisible = 0;
			defaultConfigurationName = Release;
		};
		CA9E6EA22259A25C008EAF4A /* Build configuration list for PBXNativeTarget "MeusFilmesAula" */ = {
			isa = XCConfigurationList;
			buildConfigurations = (
				CA9E6EA32259A25C008EAF4A /* Debug */,
				CA9E6EA42259A25C008EAF4A /* Release */,
			);
			defaultConfigurationIsVisible = 0;
			defaultConfigurationName = Release;
		};
/* End XCConfigurationList section */
	};
	rootObject = CA9E6E882259A25B008EAF4A /* Project object */;
}
