// !$*UTF8*$!
{
	archiveVersion = 1;
	classes = {
	};
	objectVersion = 50;
	objects = {

/* Begin PBXBuildFile section */
		CA176513225FFEE70033140D /* AppDelegate.swift in Sources */ = {isa = PBXBuildFile; fileRef = CA176512225FFEE70033140D /* AppDelegate.swift */; };
		CA176518225FFEE70033140D /* Main.storyboard in Resources */ = {isa = PBXBuildFile; fileRef = CA176516225FFEE70033140D /* Main.storyboard */; };
		CA17651A225FFEE90033140D /* Assets.xcassets in Resources */ = {isa = PBXBuildFile; fileRef = CA176519225FFEE90033140D /* Assets.xcassets */; };
		CA17651D225FFEE90033140D /* LaunchScreen.storyboard in Resources */ = {isa = PBXBuildFile; fileRef = CA17651B225FFEE90033140D /* LaunchScreen.storyboard */; };
		CA176525225FFF320033140D /* CadastroTarefaViewController.swift in Sources */ = {isa = PBXBuildFile; fileRef = CA176524225FFF320033140D /* CadastroTarefaViewController.swift */; };
		CA176527225FFFC90033140D /* TarefasTableTableViewController.swift in Sources */ = {isa = PBXBuildFile; fileRef = CA176526225FFFC90033140D /* TarefasTableTableViewController.swift */; };
		CA176529226006110033140D /* TarefaUserDefaults.swift in Sources */ = {isa = PBXBuildFile; fileRef = CA176528226006110033140D /* TarefaUserDefaults.swift */; };
/* End PBXBuildFile section */

/* Begin PBXFileReference section */
		CA17650F225FFEE70033140D /* MinhaListaDeTarefas.app */ = {isa = PBXFileReference; explicitFileType = wrapper.application; includeInIndex = 0; path = MinhaListaDeTarefas.app; sourceTree = BUILT_PRODUCTS_DIR; };
		CA176512225FFEE70033140D /* AppDelegate.swift */ = {isa = PBXFileReference; lastKnownFileType = sourcecode.swift; path = AppDelegate.swift; sourceTree = "<group>"; };
		CA176517225FFEE70033140D /* Base */ = {isa = PBXFileReference; lastKnownFileType = file.storyboard; name = Base; path = Base.lproj/Main.storyboard; sourceTree = "<group>"; };
		CA176519225FFEE90033140D /* Assets.xcassets */ = {isa = PBXFileReference; lastKnownFileType = folder.assetcatalog; path = Assets.xcassets; sourceTree = "<group>"; };
		CA17651C225FFEE90033140D /* Base */ = {isa = PBXFileReference; lastKnownFileType = file.storyboard; name = Base; path = Base.lproj/LaunchScreen.storyboard; sourceTree = "<group>"; };
		CA17651E225FFEE90033140D /* Info.plist */ = {isa = PBXFileReference; lastKnownFileType = text.plist.xml; path = Info.plist; sourceTree = "<group>"; };
		CA176524225FFF320033140D /* CadastroTarefaViewController.swift */ = {isa = PBXFileReference; lastKnownFileType = sourcecode.swift; path = CadastroTarefaViewController.swift; sourceTree = "<group>"; };
		CA176526225FFFC90033140D /* TarefasTableTableViewController.swift */ = {isa = PBXFileReference; lastKnownFileType = sourcecode.swift; path = TarefasTableTableViewController.swift; sourceTree = "<group>"; };
		CA176528226006110033140D /* TarefaUserDefaults.swift */ = {isa = PBXFileReference; lastKnownFileType = sourcecode.swift; path = TarefaUserDefaults.swift; sourceTree = "<group>"; };
/* End PBXFileReference section */

/* Begin PBXFrameworksBuildPhase section */
		CA17650C225FFEE70033140D /* Frameworks */ = {
			isa = PBXFrameworksBuildPhase;
			buildActionMask = 2147483647;
			files = (
			);
			runOnlyForDeploymentPostprocessing = 0;
		};
/* End PBXFrameworksBuildPhase section */

/* Begin PBXGroup section */
		CA176506225FFEE70033140D = {
			isa = PBXGroup;
			children = (
				CA176511225FFEE70033140D /* MinhaListaDeTarefas */,
				CA176510225FFEE70033140D /* Products */,
			);
			sourceTree = "<group>";
		};
		CA176510225FFEE70033140D /* Products */ = {
			isa = PBXGroup;
			children = (
				CA17650F225FFEE70033140D /* MinhaListaDeTarefas.app */,
			);
			name = Products;
			sourceTree = "<group>";
		};
		CA176511225FFEE70033140D /* MinhaListaDeTarefas */ = {
			isa = PBXGroup;
			children = (
				CA176512225FFEE70033140D /* AppDelegate.swift */,
				CA176526225FFFC90033140D /* TarefasTableTableViewController.swift */,
				CA176524225FFF320033140D /* CadastroTarefaViewController.swift */,
				CA176528226006110033140D /* TarefaUserDefaults.swift */,
				CA176516225FFEE70033140D /* Main.storyboard */,
				CA176519225FFEE90033140D /* Assets.xcassets */,
				CA17651B225FFEE90033140D /* LaunchScreen.storyboard */,
				CA17651E225FFEE90033140D /* Info.plist */,
			);
			path = MinhaListaDeTarefas;
			sourceTree = "<group>";
		};
/* End PBXGroup section */

/* Begin PBXNativeTarget section */
		CA17650E225FFEE70033140D /* MinhaListaDeTarefas */ = {
			isa = PBXNativeTarget;
			buildConfigurationList = CA176521225FFEE90033140D /* Build configuration list for PBXNativeTarget "MinhaListaDeTarefas" */;
			buildPhases = (
				CA17650B225FFEE70033140D /* Sources */,
				CA17650C225FFEE70033140D /* Frameworks */,
				CA17650D225FFEE70033140D /* Resources */,
			);
			buildRules = (
			);
			dependencies = (
			);
			name = MinhaListaDeTarefas;
			productName = MinhaListaDeTarefas;
			productReference = CA17650F225FFEE70033140D /* MinhaListaDeTarefas.app */;
			productType = "com.apple.product-type.application";
		};
/* End PBXNativeTarget section */

/* Begin PBXProject section */
		CA176507225FFEE70033140D /* Project object */ = {
			isa = PBXProject;
			attributes = {
				LastSwiftUpdateCheck = 1020;
				LastUpgradeCheck = 1020;
				ORGANIZATIONNAME = CursoiOS;
				TargetAttributes = {
					CA17650E225FFEE70033140D = {
						CreatedOnToolsVersion = 10.2;
					};
				};
			};
			buildConfigurationList = CA17650A225FFEE70033140D /* Build configuration list for PBXProject "MinhaListaDeTarefas" */;
			compatibilityVersion = "Xcode 9.3";
			developmentRegion = en;
			hasScannedForEncodings = 0;
			knownRegions = (
				en,
				Base,
			);
			mainGroup = CA176506225FFEE70033140D;
			productRefGroup = CA176510225FFEE70033140D /* Products */;
			projectDirPath = "";
			projectRoot = "";
			targets = (
				CA17650E225FFEE70033140D /* MinhaListaDeTarefas */,
			);
		};
/* End PBXProject section */

/* Begin PBXResourcesBuildPhase section */
		CA17650D225FFEE70033140D /* Resources */ = {
			isa = PBXResourcesBuildPhase;
			buildActionMask = 2147483647;
			files = (
				CA17651D225FFEE90033140D /* LaunchScreen.storyboard in Resources */,
				CA17651A225FFEE90033140D /* Assets.xcassets in Resources */,
				CA176518225FFEE70033140D /* Main.storyboard in Resources */,
			);
			runOnlyForDeploymentPostprocessing = 0;
		};
/* End PBXResourcesBuildPhase section */

/* Begin PBXSourcesBuildPhase section */
		CA17650B225FFEE70033140D /* Sources */ = {
			isa = PBXSourcesBuildPhase;
			buildActionMask = 2147483647;
			files = (
				CA176527225FFFC90033140D /* TarefasTableTableViewController.swift in Sources */,
				CA176529226006110033140D /* TarefaUserDefaults.swift in Sources */,
				CA176525225FFF320033140D /* CadastroTarefaViewController.swift in Sources */,
				CA176513225FFEE70033140D /* AppDelegate.swift in Sources */,
			);
			runOnlyForDeploymentPostprocessing = 0;
		};
/* End PBXSourcesBuildPhase section */

/* Begin PBXVariantGroup section */
		CA176516225FFEE70033140D /* Main.storyboard */ = {
			isa = PBXVariantGroup;
			children = (
				CA176517225FFEE70033140D /* Base */,
			);
			name = Main.storyboard;
			sourceTree = "<group>";
		};
		CA17651B225FFEE90033140D /* LaunchScreen.storyboard */ = {
			isa = PBXVariantGroup;
			children = (
				CA17651C225FFEE90033140D /* Base */,
			);
			name = LaunchScreen.storyboard;
			sourceTree = "<group>";
		};
/* End PBXVariantGroup section */

/* Begin XCBuildConfiguration section */
		CA17651F225FFEE90033140D /* Debug */ = {
			isa = XCBuildConfiguration;
			buildSettings = {
				ALWAYS_SEARCH_USER_PATHS = NO;
				CLANG_ANALYZER_NONNULL = YES;
				CLANG_ANALYZER_NUMBER_OBJECT_CONVERSION = YES_AGGRESSIVE;
				CLANG_CXX_LANGUAGE_STANDARD = "gnu++14";
				CLANG_CXX_LIBRARY = "libc++";
				CLANG_ENABLE_MODULES = YES;
				CLANG_ENABLE_OBJC_ARC = YES;
				CLANG_ENABLE_OBJC_WEAK = YES;
				CLANG_WARN_BLOCK_CAPTURE_AUTORELEASING = YES;
				CLANG_WARN_BOOL_CONVERSION = YES;
				CLANG_WARN_COMMA = YES;
				CLANG_WARN_CONSTANT_CONVERSION = YES;
				CLANG_WARN_DEPRECATED_OBJC_IMPLEMENTATIONS = YES;
				CLANG_WARN_DIRECT_OBJC_ISA_USAGE = YES_ERROR;
				CLANG_WARN_DOCUMENTATION_COMMENTS = YES;
				CLANG_WARN_EMPTY_BODY = YES;
				CLANG_WARN_ENUM_CONVERSION = YES;
				CLANG_WARN_INFINITE_RECURSION = YES;
				CLANG_WARN_INT_CONVERSION = YES;
				CLANG_WARN_NON_LITERAL_NULL_CONVERSION = YES;
				CLANG_WARN_OBJC_IMPLICIT_RETAIN_SELF = YES;
				CLANG_WARN_OBJC_LITERAL_CONVERSION = YES;
				CLANG_WARN_OBJC_ROOT_CLASS = YES_ERROR;
				CLANG_WARN_RANGE_LOOP_ANALYSIS = YES;
				CLANG_WARN_STRICT_PROTOTYPES = YES;
				CLANG_WARN_SUSPICIOUS_MOVE = YES;
				CLANG_WARN_UNGUARDED_AVAILABILITY = YES_AGGRESSIVE;
				CLANG_WARN_UNREACHABLE_CODE = YES;
				CLANG_WARN__DUPLICATE_METHOD_MATCH = YES;
				CODE_SIGN_IDENTITY = "iPhone Developer";
				COPY_PHASE_STRIP = NO;
				DEBUG_INFORMATION_FORMAT = dwarf;
				ENABLE_STRICT_OBJC_MSGSEND = YES;
				ENABLE_TESTABILITY = YES;
				GCC_C_LANGUAGE_STANDARD = gnu11;
				GCC_DYNAMIC_NO_PIC = NO;
				GCC_NO_COMMON_BLOCKS = YES;
				GCC_OPTIMIZATION_LEVEL = 0;
				GCC_PREPROCESSOR_DEFINITIONS = (
					"DEBUG=1",
					"$(inherited)",
				);
				GCC_WARN_64_TO_32_BIT_CONVERSION = YES;
				GCC_WARN_ABOUT_RETURN_TYPE = YES_ERROR;
				GCC_WARN_UNDECLARED_SELECTOR = YES;
				GCC_WARN_UNINITIALIZED_AUTOS = YES_AGGRESSIVE;
				GCC_WARN_UNUSED_FUNCTION = YES;
				GCC_WARN_UNUSED_VARIABLE = YES;
				IPHONEOS_DEPLOYMENT_TARGET = 12.2;
				MTL_ENABLE_DEBUG_INFO = INCLUDE_SOURCE;
				MTL_FAST_MATH = YES;
				ONLY_ACTIVE_ARCH = YES;
				SDKROOT = iphoneos;
				SWIFT_ACTIVE_COMPILATION_CONDITIONS = DEBUG;
				SWIFT_OPTIMIZATION_LEVEL = "-Onone";
			};
			name = Debug;
		};
		CA176520225FFEE90033140D /* Release */ = {
			isa = XCBuildConfiguration;
			buildSettings = {
				ALWAYS_SEARCH_USER_PATHS = NO;
				CLANG_ANALYZER_NONNULL = YES;
				CLANG_ANALYZER_NUMBER_OBJECT_CONVERSION = YES_AGGRESSIVE;
				CLANG_CXX_LANGUAGE_STANDARD = "gnu++14";
				CLANG_CXX_LIBRARY = "libc++";
				CLANG_ENABLE_MODULES = YES;
				CLANG_ENABLE_OBJC_ARC = YES;
				CLANG_ENABLE_OBJC_WEAK = YES;
				CLANG_WARN_BLOCK_CAPTURE_AUTORELEASING = YES;
				CLANG_WARN_BOOL_CONVERSION = YES;
				CLANG_WARN_COMMA = YES;
				CLANG_WARN_CONSTANT_CONVERSION = YES;
				CLANG_WARN_DEPRECATED_OBJC_IMPLEMENTATIONS = YES;
				CLANG_WARN_DIRECT_OBJC_ISA_USAGE = YES_ERROR;
				CLANG_WARN_DOCUMENTATION_COMMENTS = YES;
				CLANG_WARN_EMPTY_BODY = YES;
				CLANG_WARN_ENUM_CONVERSION = YES;
				CLANG_WARN_INFINITE_RECURSION = YES;
				CLANG_WARN_INT_CONVERSION = YES;
				CLANG_WARN_NON_LITERAL_NULL_CONVERSION = YES;
				CLANG_WARN_OBJC_IMPLICIT_RETAIN_SELF = YES;
				CLANG_WARN_OBJC_LITERAL_CONVERSION = YES;
				CLANG_WARN_OBJC_ROOT_CLASS = YES_ERROR;
				CLANG_WARN_RANGE_LOOP_ANALYSIS = YES;
				CLANG_WARN_STRICT_PROTOTYPES = YES;
				CLANG_WARN_SUSPICIOUS_MOVE = YES;
				CLANG_WARN_UNGUARDED_AVAILABILITY = YES_AGGRESSIVE;
				CLANG_WARN_UNREACHABLE_CODE = YES;
				CLANG_WARN__DUPLICATE_METHOD_MATCH = YES;
				CODE_SIGN_IDENTITY = "iPhone Developer";
				COPY_PHASE_STRIP = NO;
				DEBUG_INFORMATION_FORMAT = "dwarf-with-dsym";
				ENABLE_NS_ASSERTIONS = NO;
				ENABLE_STRICT_OBJC_MSGSEND = YES;
				GCC_C_LANGUAGE_STANDARD = gnu11;
				GCC_NO_COMMON_BLOCKS = YES;
				GCC_WARN_64_TO_32_BIT_CONVERSION = YES;
				GCC_WARN_ABOUT_RETURN_TYPE = YES_ERROR;
				GCC_WARN_UNDECLARED_SELECTOR = YES;
				GCC_WARN_UNINITIALIZED_AUTOS = YES_AGGRESSIVE;
				GCC_WARN_UNUSED_FUNCTION = YES;
				GCC_WARN_UNUSED_VARIABLE = YES;
				IPHONEOS_DEPLOYMENT_TARGET = 12.2;
				MTL_ENABLE_DEBUG_INFO = NO;
				MTL_FAST_MATH = YES;
				SDKROOT = iphoneos;
				SWIFT_COMPILATION_MODE = wholemodule;
				SWIFT_OPTIMIZATION_LEVEL = "-O";
				VALIDATE_PRODUCT = YES;
			};
			name = Release;
		};
		CA176522225FFEE90033140D /* Debug */ = {
			isa = XCBuildConfiguration;
			buildSettings = {
				ASSETCATALOG_COMPILER_APPICON_NAME = AppIcon;
				CODE_SIGN_STYLE = Automatic;
				INFOPLIST_FILE = MinhaListaDeTarefas/Info.plist;
				LD_RUNPATH_SEARCH_PATHS = (
					"$(inherited)",
					"@executable_path/Frameworks",
				);
				PRODUCT_BUNDLE_IDENTIFIER = com.cursoios.MinhaListaDeTarefas;
				PRODUCT_NAME = "$(TARGET_NAME)";
				SWIFT_VERSION = 5.0;
				TARGETED_DEVICE_FAMILY = "1,2";
			};
			name = Debug;
		};
		CA176523225FFEE90033140D /* Release */ = {
			isa = XCBuildConfiguration;
			buildSettings = {
				ASSETCATALOG_COMPILER_APPICON_NAME = AppIcon;
				CODE_SIGN_STYLE = Automatic;
				INFOPLIST_FILE = MinhaListaDeTarefas/Info.plist;
				LD_RUNPATH_SEARCH_PATHS = (
					"$(inherited)",
					"@executable_path/Frameworks",
				);
				PRODUCT_BUNDLE_IDENTIFIER = com.cursoios.MinhaListaDeTarefas;
				PRODUCT_NAME = "$(TARGET_NAME)";
				SWIFT_VERSION = 5.0;
				TARGETED_DEVICE_FAMILY = "1,2";
			};
			name = Release;
		};
/* End XCBuildConfiguration section */

/* Begin XCConfigurationList section */
		CA17650A225FFEE70033140D /* Build configuration list for PBXProject "MinhaListaDeTarefas" */ = {
			isa = XCConfigurationList;
			buildConfigurations = (
				CA17651F225FFEE90033140D /* Debug */,
				CA176520225FFEE90033140D /* Release */,
			);
			defaultConfigurationIsVisible = 0;
			defaultConfigurationName = Release;
		};
		CA176521225FFEE90033140D /* Build configuration list for PBXNativeTarget "MinhaListaDeTarefas" */ = {
			isa = XCConfigurationList;
			buildConfigurations = (
				CA176522225FFEE90033140D /* Debug */,
				CA176523225FFEE90033140D /* Release */,
			);
			defaultConfigurationIsVisible = 0;
			defaultConfigurationName = Release;
		};
/* End XCConfigurationList section */
	};
	rootObject = CA176507225FFEE70033140D /* Project object */;
}
